// !$*UTF8*$!
{
	archiveVersion = 1;
	classes = {
	};
	objectVersion = 48;
	objects = {

/* Begin PBXBuildFile section */
		2590601C0B5E51A77EA48BA9 /* Pods_FlickrDemo.framework in Frameworks */ = {isa = PBXBuildFile; fileRef = 32D98CB5EB382EA6204657B4 /* Pods_FlickrDemo.framework */; };
		43E06AC93D53E6C6FD6DBF79 /* Pods_FlickrDemoTests.framework in Frameworks */ = {isa = PBXBuildFile; fileRef = ED817C05A1A31DA4A6573B4B /* Pods_FlickrDemoTests.framework */; };
		5B278E661F831E14003E307B /* Server.swift in Sources */ = {isa = PBXBuildFile; fileRef = 5B278E651F831E14003E307B /* Server.swift */; };
		5B278E681F831E21003E307B /* DefaultServer.swift in Sources */ = {isa = PBXBuildFile; fileRef = 5B278E671F831E21003E307B /* DefaultServer.swift */; };
		5B278E6A1F831E2C003E307B /* DefaultServerTests.swift in Sources */ = {isa = PBXBuildFile; fileRef = 5B278E691F831E2C003E307B /* DefaultServerTests.swift */; };
		5B278E6C1F845F59003E307B /* Endpoint.swift in Sources */ = {isa = PBXBuildFile; fileRef = 5B278E6B1F845F59003E307B /* Endpoint.swift */; };
		5B278E6F1F846019003E307B /* MockServer.swift in Sources */ = {isa = PBXBuildFile; fileRef = 5B278E6D1F846001003E307B /* MockServer.swift */; };
		5B278E751F846210003E307B /* Photo.swift in Sources */ = {isa = PBXBuildFile; fileRef = 5B278E741F846210003E307B /* Photo.swift */; };
		5B278E781F846263003E307B /* PublicFeedService.swift in Sources */ = {isa = PBXBuildFile; fileRef = 5B278E771F846263003E307B /* PublicFeedService.swift */; };
		5B278E7A1F84626F003E307B /* PublicFeedServiceTests.swift in Sources */ = {isa = PBXBuildFile; fileRef = 5B278E791F84626F003E307B /* PublicFeedServiceTests.swift */; };
		5B278E7B1F846BC5003E307B /* LocalServerTests in Resources */ = {isa = PBXBuildFile; fileRef = 5B278E701F84611A003E307B /* LocalServerTests */; };
		5BB4B1D21F831A3700C71FE3 /* AppDelegate.swift in Sources */ = {isa = PBXBuildFile; fileRef = 5BB4B1D11F831A3700C71FE3 /* AppDelegate.swift */; };
		5BB4B1D41F831A3700C71FE3 /* ViewController.swift in Sources */ = {isa = PBXBuildFile; fileRef = 5BB4B1D31F831A3700C71FE3 /* ViewController.swift */; };
		5BB4B1D71F831A3700C71FE3 /* Main.storyboard in Resources */ = {isa = PBXBuildFile; fileRef = 5BB4B1D51F831A3700C71FE3 /* Main.storyboard */; };
		5BB4B1D91F831A3700C71FE3 /* Assets.xcassets in Resources */ = {isa = PBXBuildFile; fileRef = 5BB4B1D81F831A3700C71FE3 /* Assets.xcassets */; };
		5BB4B1DC1F831A3700C71FE3 /* LaunchScreen.storyboard in Resources */ = {isa = PBXBuildFile; fileRef = 5BB4B1DA1F831A3700C71FE3 /* LaunchScreen.storyboard */; };
/* End PBXBuildFile section */

/* Begin PBXContainerItemProxy section */
		5BB4B1E31F831A3700C71FE3 /* PBXContainerItemProxy */ = {
			isa = PBXContainerItemProxy;
			containerPortal = 5BB4B1C61F831A3700C71FE3 /* Project object */;
			proxyType = 1;
			remoteGlobalIDString = 5BB4B1CD1F831A3700C71FE3;
			remoteInfo = FlickrDemo;
		};
/* End PBXContainerItemProxy section */

/* Begin PBXFileReference section */
		32D98CB5EB382EA6204657B4 /* Pods_FlickrDemo.framework */ = {isa = PBXFileReference; explicitFileType = wrapper.framework; includeInIndex = 0; path = Pods_FlickrDemo.framework; sourceTree = BUILT_PRODUCTS_DIR; };
		45402430E24BD620E62F6700 /* Pods-FlickrDemo.release.xcconfig */ = {isa = PBXFileReference; includeInIndex = 1; lastKnownFileType = text.xcconfig; name = "Pods-FlickrDemo.release.xcconfig"; path = "Pods/Target Support Files/Pods-FlickrDemo/Pods-FlickrDemo.release.xcconfig"; sourceTree = "<group>"; };
		5B278E651F831E14003E307B /* Server.swift */ = {isa = PBXFileReference; lastKnownFileType = sourcecode.swift; path = Server.swift; sourceTree = "<group>"; };
		5B278E671F831E21003E307B /* DefaultServer.swift */ = {isa = PBXFileReference; lastKnownFileType = sourcecode.swift; path = DefaultServer.swift; sourceTree = "<group>"; };
		5B278E691F831E2C003E307B /* DefaultServerTests.swift */ = {isa = PBXFileReference; lastKnownFileType = sourcecode.swift; path = DefaultServerTests.swift; sourceTree = "<group>"; };
		5B278E6B1F845F59003E307B /* Endpoint.swift */ = {isa = PBXFileReference; lastKnownFileType = sourcecode.swift; path = Endpoint.swift; sourceTree = "<group>"; };
		5B278E6D1F846001003E307B /* MockServer.swift */ = {isa = PBXFileReference; lastKnownFileType = sourcecode.swift; path = MockServer.swift; sourceTree = "<group>"; };
		5B278E701F84611A003E307B /* LocalServerTests */ = {isa = PBXFileReference; lastKnownFileType = folder; path = LocalServerTests; sourceTree = "<group>"; };
		5B278E741F846210003E307B /* Photo.swift */ = {isa = PBXFileReference; lastKnownFileType = sourcecode.swift; path = Photo.swift; sourceTree = "<group>"; };
		5B278E771F846263003E307B /* PublicFeedService.swift */ = {isa = PBXFileReference; lastKnownFileType = sourcecode.swift; path = PublicFeedService.swift; sourceTree = "<group>"; };
		5B278E791F84626F003E307B /* PublicFeedServiceTests.swift */ = {isa = PBXFileReference; lastKnownFileType = sourcecode.swift; path = PublicFeedServiceTests.swift; sourceTree = "<group>"; };
		5BB4B1CE1F831A3700C71FE3 /* FlickrDemo.app */ = {isa = PBXFileReference; explicitFileType = wrapper.application; includeInIndex = 0; path = FlickrDemo.app; sourceTree = BUILT_PRODUCTS_DIR; };
		5BB4B1D11F831A3700C71FE3 /* AppDelegate.swift */ = {isa = PBXFileReference; lastKnownFileType = sourcecode.swift; path = AppDelegate.swift; sourceTree = "<group>"; };
		5BB4B1D31F831A3700C71FE3 /* ViewController.swift */ = {isa = PBXFileReference; lastKnownFileType = sourcecode.swift; path = ViewController.swift; sourceTree = "<group>"; };
		5BB4B1D61F831A3700C71FE3 /* Base */ = {isa = PBXFileReference; lastKnownFileType = file.storyboard; name = Base; path = Base.lproj/Main.storyboard; sourceTree = "<group>"; };
		5BB4B1D81F831A3700C71FE3 /* Assets.xcassets */ = {isa = PBXFileReference; lastKnownFileType = folder.assetcatalog; path = Assets.xcassets; sourceTree = "<group>"; };
		5BB4B1DB1F831A3700C71FE3 /* Base */ = {isa = PBXFileReference; lastKnownFileType = file.storyboard; name = Base; path = Base.lproj/LaunchScreen.storyboard; sourceTree = "<group>"; };
		5BB4B1DD1F831A3700C71FE3 /* Info.plist */ = {isa = PBXFileReference; lastKnownFileType = text.plist.xml; path = Info.plist; sourceTree = "<group>"; };
		5BB4B1E21F831A3700C71FE3 /* FlickrDemoTests.xctest */ = {isa = PBXFileReference; explicitFileType = wrapper.cfbundle; includeInIndex = 0; path = FlickrDemoTests.xctest; sourceTree = BUILT_PRODUCTS_DIR; };
		5BB4B1E81F831A3700C71FE3 /* Info.plist */ = {isa = PBXFileReference; lastKnownFileType = text.plist.xml; path = Info.plist; sourceTree = "<group>"; };
		638D9E86C44BBA2CB02C3574 /* Pods-FlickrDemo.debug.xcconfig */ = {isa = PBXFileReference; includeInIndex = 1; lastKnownFileType = text.xcconfig; name = "Pods-FlickrDemo.debug.xcconfig"; path = "Pods/Target Support Files/Pods-FlickrDemo/Pods-FlickrDemo.debug.xcconfig"; sourceTree = "<group>"; };
		98420B09085D11E861375C63 /* Pods-FlickrDemoTests.debug.xcconfig */ = {isa = PBXFileReference; includeInIndex = 1; lastKnownFileType = text.xcconfig; name = "Pods-FlickrDemoTests.debug.xcconfig"; path = "Pods/Target Support Files/Pods-FlickrDemoTests/Pods-FlickrDemoTests.debug.xcconfig"; sourceTree = "<group>"; };
		D554713BF81E00E7A969C8A8 /* Pods-FlickrDemoTests.release.xcconfig */ = {isa = PBXFileReference; includeInIndex = 1; lastKnownFileType = text.xcconfig; name = "Pods-FlickrDemoTests.release.xcconfig"; path = "Pods/Target Support Files/Pods-FlickrDemoTests/Pods-FlickrDemoTests.release.xcconfig"; sourceTree = "<group>"; };
		ED817C05A1A31DA4A6573B4B /* Pods_FlickrDemoTests.framework */ = {isa = PBXFileReference; explicitFileType = wrapper.framework; includeInIndex = 0; path = Pods_FlickrDemoTests.framework; sourceTree = BUILT_PRODUCTS_DIR; };
/* End PBXFileReference section */

/* Begin PBXFrameworksBuildPhase section */
		5BB4B1CB1F831A3700C71FE3 /* Frameworks */ = {
			isa = PBXFrameworksBuildPhase;
			buildActionMask = 2147483647;
			files = (
				2590601C0B5E51A77EA48BA9 /* Pods_FlickrDemo.framework in Frameworks */,
			);
			runOnlyForDeploymentPostprocessing = 0;
		};
		5BB4B1DF1F831A3700C71FE3 /* Frameworks */ = {
			isa = PBXFrameworksBuildPhase;
			buildActionMask = 2147483647;
			files = (
				43E06AC93D53E6C6FD6DBF79 /* Pods_FlickrDemoTests.framework in Frameworks */,
			);
			runOnlyForDeploymentPostprocessing = 0;
		};
/* End PBXFrameworksBuildPhase section */

/* Begin PBXGroup section */
		5B278E621F831DF7003E307B /* Classes */ = {
			isa = PBXGroup;
			children = (
				5B278E631F831E00003E307B /* Common */,
				5B278E711F8461F1003E307B /* Modules */,
			);
			path = Classes;
			sourceTree = "<group>";
		};
		5B278E631F831E00003E307B /* Common */ = {
			isa = PBXGroup;
			children = (
				5B278E641F831E09003E307B /* Networking */,
			);
			path = Common;
			sourceTree = "<group>";
		};
		5B278E641F831E09003E307B /* Networking */ = {
			isa = PBXGroup;
			children = (
				5B278E671F831E21003E307B /* DefaultServer.swift */,
				5B278E691F831E2C003E307B /* DefaultServerTests.swift */,
				5B278E6B1F845F59003E307B /* Endpoint.swift */,
				5B278E6D1F846001003E307B /* MockServer.swift */,
				5B278E651F831E14003E307B /* Server.swift */,
			);
			path = Networking;
			sourceTree = "<group>";
		};
		5B278E711F8461F1003E307B /* Modules */ = {
			isa = PBXGroup;
			children = (
				5B278E721F8461FF003E307B /* PublicPhotos */,
			);
			path = Modules;
			sourceTree = "<group>";
		};
		5B278E721F8461FF003E307B /* PublicPhotos */ = {
			isa = PBXGroup;
			children = (
				5B278E761F846250003E307B /* Service */,
				5B278E731F846207003E307B /* Model */,
			);
			path = PublicPhotos;
			sourceTree = "<group>";
		};
		5B278E731F846207003E307B /* Model */ = {
			isa = PBXGroup;
			children = (
				5B278E741F846210003E307B /* Photo.swift */,
			);
			path = Model;
			sourceTree = "<group>";
		};
		5B278E761F846250003E307B /* Service */ = {
			isa = PBXGroup;
			children = (
				5B278E771F846263003E307B /* PublicFeedService.swift */,
				5B278E791F84626F003E307B /* PublicFeedServiceTests.swift */,
			);
			path = Service;
			sourceTree = "<group>";
		};
		5BB4B1C51F831A3700C71FE3 = {
			isa = PBXGroup;
			children = (
				5BB4B1D01F831A3700C71FE3 /* FlickrDemo */,
				5BB4B1E51F831A3700C71FE3 /* FlickrDemoTests */,
				5BB4B1CF1F831A3700C71FE3 /* Products */,
				DE6F804F79E08AF4FB199ABE /* Pods */,
				7084FD005487850AF9F37272 /* Frameworks */,
			);
			sourceTree = "<group>";
		};
		5BB4B1CF1F831A3700C71FE3 /* Products */ = {
			isa = PBXGroup;
			children = (
				5BB4B1CE1F831A3700C71FE3 /* FlickrDemo.app */,
				5BB4B1E21F831A3700C71FE3 /* FlickrDemoTests.xctest */,
			);
			name = Products;
			sourceTree = "<group>";
		};
		5BB4B1D01F831A3700C71FE3 /* FlickrDemo */ = {
			isa = PBXGroup;
			children = (
				5B278E621F831DF7003E307B /* Classes */,
				5BB4B1D11F831A3700C71FE3 /* AppDelegate.swift */,
				5BB4B1D31F831A3700C71FE3 /* ViewController.swift */,
				5BB4B1D51F831A3700C71FE3 /* Main.storyboard */,
				5BB4B1D81F831A3700C71FE3 /* Assets.xcassets */,
				5BB4B1DA1F831A3700C71FE3 /* LaunchScreen.storyboard */,
				5BB4B1DD1F831A3700C71FE3 /* Info.plist */,
			);
			path = FlickrDemo;
			sourceTree = "<group>";
		};
		5BB4B1E51F831A3700C71FE3 /* FlickrDemoTests */ = {
			isa = PBXGroup;
			children = (
				5B278E701F84611A003E307B /* LocalServerTests */,
				5BB4B1E81F831A3700C71FE3 /* Info.plist */,
			);
			path = FlickrDemoTests;
			sourceTree = "<group>";
		};
		7084FD005487850AF9F37272 /* Frameworks */ = {
			isa = PBXGroup;
			children = (
				32D98CB5EB382EA6204657B4 /* Pods_FlickrDemo.framework */,
				ED817C05A1A31DA4A6573B4B /* Pods_FlickrDemoTests.framework */,
			);
			name = Frameworks;
			sourceTree = "<group>";
		};
		DE6F804F79E08AF4FB199ABE /* Pods */ = {
			isa = PBXGroup;
			children = (
				638D9E86C44BBA2CB02C3574 /* Pods-FlickrDemo.debug.xcconfig */,
				45402430E24BD620E62F6700 /* Pods-FlickrDemo.release.xcconfig */,
				98420B09085D11E861375C63 /* Pods-FlickrDemoTests.debug.xcconfig */,
				D554713BF81E00E7A969C8A8 /* Pods-FlickrDemoTests.release.xcconfig */,
			);
			name = Pods;
			sourceTree = "<group>";
		};
/* End PBXGroup section */

/* Begin PBXNativeTarget section */
		5BB4B1CD1F831A3700C71FE3 /* FlickrDemo */ = {
			isa = PBXNativeTarget;
			buildConfigurationList = 5BB4B1EB1F831A3700C71FE3 /* Build configuration list for PBXNativeTarget "FlickrDemo" */;
			buildPhases = (
				A6CEEF880735AEE7727234A4 /* [CP] Check Pods Manifest.lock */,
				5BB4B1CA1F831A3700C71FE3 /* Sources */,
				5BB4B1CB1F831A3700C71FE3 /* Frameworks */,
				5BB4B1CC1F831A3700C71FE3 /* Resources */,
				91C16D017B623594CE1CB532 /* [CP] Embed Pods Frameworks */,
				78F0ED3B4F9618B76C740C19 /* [CP] Copy Pods Resources */,
			);
			buildRules = (
			);
			dependencies = (
			);
			name = FlickrDemo;
			productName = FlickrDemo;
			productReference = 5BB4B1CE1F831A3700C71FE3 /* FlickrDemo.app */;
			productType = "com.apple.product-type.application";
		};
		5BB4B1E11F831A3700C71FE3 /* FlickrDemoTests */ = {
			isa = PBXNativeTarget;
			buildConfigurationList = 5BB4B1EE1F831A3700C71FE3 /* Build configuration list for PBXNativeTarget "FlickrDemoTests" */;
			buildPhases = (
				C77B22D453F795824F08FB0E /* [CP] Check Pods Manifest.lock */,
				5BB4B1DE1F831A3700C71FE3 /* Sources */,
				5BB4B1DF1F831A3700C71FE3 /* Frameworks */,
				5BB4B1E01F831A3700C71FE3 /* Resources */,
				C1F3E942517E1B1033F311E5 /* [CP] Embed Pods Frameworks */,
				8AB9575969BA654531CC9090 /* [CP] Copy Pods Resources */,
			);
			buildRules = (
			);
			dependencies = (
				5BB4B1E41F831A3700C71FE3 /* PBXTargetDependency */,
			);
			name = FlickrDemoTests;
			productName = FlickrDemoTests;
			productReference = 5BB4B1E21F831A3700C71FE3 /* FlickrDemoTests.xctest */;
			productType = "com.apple.product-type.bundle.unit-test";
		};
/* End PBXNativeTarget section */

/* Begin PBXProject section */
		5BB4B1C61F831A3700C71FE3 /* Project object */ = {
			isa = PBXProject;
			attributes = {
				LastSwiftUpdateCheck = 0900;
				LastUpgradeCheck = 0900;
				ORGANIZATIONNAME = "John T McIntosh";
				TargetAttributes = {
					5BB4B1CD1F831A3700C71FE3 = {
						CreatedOnToolsVersion = 9.0;
						ProvisioningStyle = Automatic;
					};
					5BB4B1E11F831A3700C71FE3 = {
						CreatedOnToolsVersion = 9.0;
						ProvisioningStyle = Automatic;
						TestTargetID = 5BB4B1CD1F831A3700C71FE3;
					};
				};
			};
			buildConfigurationList = 5BB4B1C91F831A3700C71FE3 /* Build configuration list for PBXProject "FlickrDemo" */;
			compatibilityVersion = "Xcode 8.0";
			developmentRegion = en;
			hasScannedForEncodings = 0;
			knownRegions = (
				en,
				Base,
			);
			mainGroup = 5BB4B1C51F831A3700C71FE3;
			productRefGroup = 5BB4B1CF1F831A3700C71FE3 /* Products */;
			projectDirPath = "";
			projectRoot = "";
			targets = (
				5BB4B1CD1F831A3700C71FE3 /* FlickrDemo */,
				5BB4B1E11F831A3700C71FE3 /* FlickrDemoTests */,
			);
		};
/* End PBXProject section */

/* Begin PBXResourcesBuildPhase section */
		5BB4B1CC1F831A3700C71FE3 /* Resources */ = {
			isa = PBXResourcesBuildPhase;
			buildActionMask = 2147483647;
			files = (
				5BB4B1DC1F831A3700C71FE3 /* LaunchScreen.storyboard in Resources */,
				5BB4B1D91F831A3700C71FE3 /* Assets.xcassets in Resources */,
				5BB4B1D71F831A3700C71FE3 /* Main.storyboard in Resources */,
			);
			runOnlyForDeploymentPostprocessing = 0;
		};
		5BB4B1E01F831A3700C71FE3 /* Resources */ = {
			isa = PBXResourcesBuildPhase;
			buildActionMask = 2147483647;
			files = (
				5B278E7B1F846BC5003E307B /* LocalServerTests in Resources */,
			);
			runOnlyForDeploymentPostprocessing = 0;
		};
/* End PBXResourcesBuildPhase section */

/* Begin PBXShellScriptBuildPhase section */
		78F0ED3B4F9618B76C740C19 /* [CP] Copy Pods Resources */ = {
			isa = PBXShellScriptBuildPhase;
			buildActionMask = 2147483647;
			files = (
			);
			inputPaths = (
			);
			name = "[CP] Copy Pods Resources";
			outputPaths = (
			);
			runOnlyForDeploymentPostprocessing = 0;
			shellPath = /bin/sh;
			shellScript = "\"${SRCROOT}/Pods/Target Support Files/Pods-FlickrDemo/Pods-FlickrDemo-resources.sh\"\n";
			showEnvVarsInLog = 0;
		};
		8AB9575969BA654531CC9090 /* [CP] Copy Pods Resources */ = {
			isa = PBXShellScriptBuildPhase;
			buildActionMask = 2147483647;
			files = (
			);
			inputPaths = (
			);
			name = "[CP] Copy Pods Resources";
			outputPaths = (
			);
			runOnlyForDeploymentPostprocessing = 0;
			shellPath = /bin/sh;
			shellScript = "\"${SRCROOT}/Pods/Target Support Files/Pods-FlickrDemoTests/Pods-FlickrDemoTests-resources.sh\"\n";
			showEnvVarsInLog = 0;
		};
		91C16D017B623594CE1CB532 /* [CP] Embed Pods Frameworks */ = {
			isa = PBXShellScriptBuildPhase;
			buildActionMask = 2147483647;
			files = (
			);
			inputPaths = (
				"${SRCROOT}/Pods/Target Support Files/Pods-FlickrDemo/Pods-FlickrDemo-frameworks.sh",
				"${BUILT_PRODUCTS_DIR}/Result/Result.framework",
				"${BUILT_PRODUCTS_DIR}/SwiftyJSON/SwiftyJSON.framework",
			);
			name = "[CP] Embed Pods Frameworks";
			outputPaths = (
				"${TARGET_BUILD_DIR}/${FRAMEWORKS_FOLDER_PATH}/Result.framework",
				"${TARGET_BUILD_DIR}/${FRAMEWORKS_FOLDER_PATH}/SwiftyJSON.framework",
			);
			runOnlyForDeploymentPostprocessing = 0;
			shellPath = /bin/sh;
			shellScript = "\"${SRCROOT}/Pods/Target Support Files/Pods-FlickrDemo/Pods-FlickrDemo-frameworks.sh\"\n";
			showEnvVarsInLog = 0;
		};
		A6CEEF880735AEE7727234A4 /* [CP] Check Pods Manifest.lock */ = {
			isa = PBXShellScriptBuildPhase;
			buildActionMask = 2147483647;
			files = (
			);
			inputPaths = (
				"${PODS_PODFILE_DIR_PATH}/Podfile.lock",
				"${PODS_ROOT}/Manifest.lock",
			);
			name = "[CP] Check Pods Manifest.lock";
			outputPaths = (
				"$(DERIVED_FILE_DIR)/Pods-FlickrDemo-checkManifestLockResult.txt",
			);
			runOnlyForDeploymentPostprocessing = 0;
			shellPath = /bin/sh;
			shellScript = "diff \"${PODS_PODFILE_DIR_PATH}/Podfile.lock\" \"${PODS_ROOT}/Manifest.lock\" > /dev/null\nif [ $? != 0 ] ; then\n    # print error to STDERR\n    echo \"error: The sandbox is not in sync with the Podfile.lock. Run 'pod install' or update your CocoaPods installation.\" >&2\n    exit 1\nfi\n# This output is used by Xcode 'outputs' to avoid re-running this script phase.\necho \"SUCCESS\" > \"${SCRIPT_OUTPUT_FILE_0}\"\n";
			showEnvVarsInLog = 0;
		};
		C1F3E942517E1B1033F311E5 /* [CP] Embed Pods Frameworks */ = {
			isa = PBXShellScriptBuildPhase;
			buildActionMask = 2147483647;
			files = (
			);
			inputPaths = (
			);
			name = "[CP] Embed Pods Frameworks";
			outputPaths = (
			);
			runOnlyForDeploymentPostprocessing = 0;
			shellPath = /bin/sh;
			shellScript = "\"${SRCROOT}/Pods/Target Support Files/Pods-FlickrDemoTests/Pods-FlickrDemoTests-frameworks.sh\"\n";
			showEnvVarsInLog = 0;
		};
		C77B22D453F795824F08FB0E /* [CP] Check Pods Manifest.lock */ = {
			isa = PBXShellScriptBuildPhase;
			buildActionMask = 2147483647;
			files = (
			);
			inputPaths = (
				"${PODS_PODFILE_DIR_PATH}/Podfile.lock",
				"${PODS_ROOT}/Manifest.lock",
			);
			name = "[CP] Check Pods Manifest.lock";
			outputPaths = (
				"$(DERIVED_FILE_DIR)/Pods-FlickrDemoTests-checkManifestLockResult.txt",
			);
			runOnlyForDeploymentPostprocessing = 0;
			shellPath = /bin/sh;
			shellScript = "diff \"${PODS_PODFILE_DIR_PATH}/Podfile.lock\" \"${PODS_ROOT}/Manifest.lock\" > /dev/null\nif [ $? != 0 ] ; then\n    # print error to STDERR\n    echo \"error: The sandbox is not in sync with the Podfile.lock. Run 'pod install' or update your CocoaPods installation.\" >&2\n    exit 1\nfi\n# This output is used by Xcode 'outputs' to avoid re-running this script phase.\necho \"SUCCESS\" > \"${SCRIPT_OUTPUT_FILE_0}\"\n";
			showEnvVarsInLog = 0;
		};
/* End PBXShellScriptBuildPhase section */

/* Begin PBXSourcesBuildPhase section */
		5BB4B1CA1F831A3700C71FE3 /* Sources */ = {
			isa = PBXSourcesBuildPhase;
			buildActionMask = 2147483647;
			files = (
				5B278E751F846210003E307B /* Photo.swift in Sources */,
				5BB4B1D41F831A3700C71FE3 /* ViewController.swift in Sources */,
				5B278E661F831E14003E307B /* Server.swift in Sources */,
				5B278E681F831E21003E307B /* DefaultServer.swift in Sources */,
				5B278E781F846263003E307B /* PublicFeedService.swift in Sources */,
				5BB4B1D21F831A3700C71FE3 /* AppDelegate.swift in Sources */,
				5B278E6C1F845F59003E307B /* Endpoint.swift in Sources */,
			);
			runOnlyForDeploymentPostprocessing = 0;
		};
		5BB4B1DE1F831A3700C71FE3 /* Sources */ = {
			isa = PBXSourcesBuildPhase;
			buildActionMask = 2147483647;
			files = (
				5B278E7A1F84626F003E307B /* PublicFeedServiceTests.swift in Sources */,
				5B278E6F1F846019003E307B /* MockServer.swift in Sources */,
				5B278E6A1F831E2C003E307B /* DefaultServerTests.swift in Sources */,
			);
			runOnlyForDeploymentPostprocessing = 0;
		};
/* End PBXSourcesBuildPhase section */

/* Begin PBXTargetDependency section */
		5BB4B1E41F831A3700C71FE3 /* PBXTargetDependency */ = {
			isa = PBXTargetDependency;
			target = 5BB4B1CD1F831A3700C71FE3 /* FlickrDemo */;
			targetProxy = 5BB4B1E31F831A3700C71FE3 /* PBXContainerItemProxy */;
		};
/* End PBXTargetDependency section */

/* Begin PBXVariantGroup section */
		5BB4B1D51F831A3700C71FE3 /* Main.storyboard */ = {
			isa = PBXVariantGroup;
			children = (
				5BB4B1D61F831A3700C71FE3 /* Base */,
			);
			name = Main.storyboard;
			sourceTree = "<group>";
		};
		5BB4B1DA1F831A3700C71FE3 /* LaunchScreen.storyboard */ = {
			isa = PBXVariantGroup;
			children = (
				5BB4B1DB1F831A3700C71FE3 /* Base */,
			);
			name = LaunchScreen.storyboard;
			sourceTree = "<group>";
		};
/* End PBXVariantGroup section */

/* Begin XCBuildConfiguration section */
		5BB4B1E91F831A3700C71FE3 /* Debug */ = {
			isa = XCBuildConfiguration;
			buildSettings = {
				ALWAYS_SEARCH_USER_PATHS = NO;
				CLANG_ANALYZER_NONNULL = YES;
				CLANG_ANALYZER_NUMBER_OBJECT_CONVERSION = YES_AGGRESSIVE;
				CLANG_CXX_LANGUAGE_STANDARD = "gnu++14";
				CLANG_CXX_LIBRARY = "libc++";
				CLANG_ENABLE_MODULES = YES;
				CLANG_ENABLE_OBJC_ARC = YES;
				CLANG_WARN_BLOCK_CAPTURE_AUTORELEASING = YES;
				CLANG_WARN_BOOL_CONVERSION = YES;
				CLANG_WARN_COMMA = YES;
				CLANG_WARN_CONSTANT_CONVERSION = YES;
				CLANG_WARN_DIRECT_OBJC_ISA_USAGE = YES_ERROR;
				CLANG_WARN_DOCUMENTATION_COMMENTS = YES;
				CLANG_WARN_EMPTY_BODY = YES;
				CLANG_WARN_ENUM_CONVERSION = YES;
				CLANG_WARN_INFINITE_RECURSION = YES;
				CLANG_WARN_INT_CONVERSION = YES;
				CLANG_WARN_NON_LITERAL_NULL_CONVERSION = YES;
				CLANG_WARN_OBJC_LITERAL_CONVERSION = YES;
				CLANG_WARN_OBJC_ROOT_CLASS = YES_ERROR;
				CLANG_WARN_RANGE_LOOP_ANALYSIS = YES;
				CLANG_WARN_STRICT_PROTOTYPES = YES;
				CLANG_WARN_SUSPICIOUS_MOVE = YES;
				CLANG_WARN_UNGUARDED_AVAILABILITY = YES_AGGRESSIVE;
				CLANG_WARN_UNREACHABLE_CODE = YES;
				CLANG_WARN__DUPLICATE_METHOD_MATCH = YES;
				CODE_SIGN_IDENTITY = "iPhone Developer";
				COPY_PHASE_STRIP = NO;
				DEBUG_INFORMATION_FORMAT = dwarf;
				ENABLE_STRICT_OBJC_MSGSEND = YES;
				ENABLE_TESTABILITY = YES;
				GCC_C_LANGUAGE_STANDARD = gnu11;
				GCC_DYNAMIC_NO_PIC = NO;
				GCC_NO_COMMON_BLOCKS = YES;
				GCC_OPTIMIZATION_LEVEL = 0;
				GCC_PREPROCESSOR_DEFINITIONS = (
					"DEBUG=1",
					"$(inherited)",
				);
				GCC_WARN_64_TO_32_BIT_CONVERSION = YES;
				GCC_WARN_ABOUT_RETURN_TYPE = YES_ERROR;
				GCC_WARN_UNDECLARED_SELECTOR = YES;
				GCC_WARN_UNINITIALIZED_AUTOS = YES_AGGRESSIVE;
				GCC_WARN_UNUSED_FUNCTION = YES;
				GCC_WARN_UNUSED_VARIABLE = YES;
				IPHONEOS_DEPLOYMENT_TARGET = 11.0;
				MTL_ENABLE_DEBUG_INFO = YES;
				ONLY_ACTIVE_ARCH = YES;
				SDKROOT = iphoneos;
				SWIFT_ACTIVE_COMPILATION_CONDITIONS = DEBUG;
				SWIFT_OPTIMIZATION_LEVEL = "-Onone";
			};
			name = Debug;
		};
		5BB4B1EA1F831A3700C71FE3 /* Release */ = {
			isa = XCBuildConfiguration;
			buildSettings = {
				ALWAYS_SEARCH_USER_PATHS = NO;
				CLANG_ANALYZER_NONNULL = YES;
				CLANG_ANALYZER_NUMBER_OBJECT_CONVERSION = YES_AGGRESSIVE;
				CLANG_CXX_LANGUAGE_STANDARD = "gnu++14";
				CLANG_CXX_LIBRARY = "libc++";
				CLANG_ENABLE_MODULES = YES;
				CLANG_ENABLE_OBJC_ARC = YES;
				CLANG_WARN_BLOCK_CAPTURE_AUTORELEASING = YES;
				CLANG_WARN_BOOL_CONVERSION = YES;
				CLANG_WARN_COMMA = YES;
				CLANG_WARN_CONSTANT_CONVERSION = YES;
				CLANG_WARN_DIRECT_OBJC_ISA_USAGE = YES_ERROR;
				CLANG_WARN_DOCUMENTATION_COMMENTS = YES;
				CLANG_WARN_EMPTY_BODY = YES;
				CLANG_WARN_ENUM_CONVERSION = YES;
				CLANG_WARN_INFINITE_RECURSION = YES;
				CLANG_WARN_INT_CONVERSION = YES;
				CLANG_WARN_NON_LITERAL_NULL_CONVERSION = YES;
				CLANG_WARN_OBJC_LITERAL_CONVERSION = YES;
				CLANG_WARN_OBJC_ROOT_CLASS = YES_ERROR;
				CLANG_WARN_RANGE_LOOP_ANALYSIS = YES;
				CLANG_WARN_STRICT_PROTOTYPES = YES;
				CLANG_WARN_SUSPICIOUS_MOVE = YES;
				CLANG_WARN_UNGUARDED_AVAILABILITY = YES_AGGRESSIVE;
				CLANG_WARN_UNREACHABLE_CODE = YES;
				CLANG_WARN__DUPLICATE_METHOD_MATCH = YES;
				CODE_SIGN_IDENTITY = "iPhone Developer";
				COPY_PHASE_STRIP = NO;
				DEBUG_INFORMATION_FORMAT = "dwarf-with-dsym";
				ENABLE_NS_ASSERTIONS = NO;
				ENABLE_STRICT_OBJC_MSGSEND = YES;
				GCC_C_LANGUAGE_STANDARD = gnu11;
				GCC_NO_COMMON_BLOCKS = YES;
				GCC_WARN_64_TO_32_BIT_CONVERSION = YES;
				GCC_WARN_ABOUT_RETURN_TYPE = YES_ERROR;
				GCC_WARN_UNDECLARED_SELECTOR = YES;
				GCC_WARN_UNINITIALIZED_AUTOS = YES_AGGRESSIVE;
				GCC_WARN_UNUSED_FUNCTION = YES;
				GCC_WARN_UNUSED_VARIABLE = YES;
				IPHONEOS_DEPLOYMENT_TARGET = 11.0;
				MTL_ENABLE_DEBUG_INFO = NO;
				SDKROOT = iphoneos;
				SWIFT_OPTIMIZATION_LEVEL = "-Owholemodule";
				VALIDATE_PRODUCT = YES;
			};
			name = Release;
		};
		5BB4B1EC1F831A3700C71FE3 /* Debug */ = {
			isa = XCBuildConfiguration;
			baseConfigurationReference = 638D9E86C44BBA2CB02C3574 /* Pods-FlickrDemo.debug.xcconfig */;
			buildSettings = {
				ASSETCATALOG_COMPILER_APPICON_NAME = AppIcon;
				CODE_SIGN_STYLE = Automatic;
				DEVELOPMENT_TEAM = PSK5X2GYRA;
				INFOPLIST_FILE = FlickrDemo/Info.plist;
				LD_RUNPATH_SEARCH_PATHS = "$(inherited) @executable_path/Frameworks";
				PRODUCT_BUNDLE_IDENTIFIER = com.johntmcintosh.FlickrDemo;
				PRODUCT_NAME = "$(TARGET_NAME)";
				SWIFT_VERSION = 4.0;
				TARGETED_DEVICE_FAMILY = "1,2";
			};
			name = Debug;
		};
		5BB4B1ED1F831A3700C71FE3 /* Release */ = {
			isa = XCBuildConfiguration;
			baseConfigurationReference = 45402430E24BD620E62F6700 /* Pods-FlickrDemo.release.xcconfig */;
			buildSettings = {
				ASSETCATALOG_COMPILER_APPICON_NAME = AppIcon;
				CODE_SIGN_STYLE = Automatic;
				DEVELOPMENT_TEAM = PSK5X2GYRA;
				INFOPLIST_FILE = FlickrDemo/Info.plist;
				LD_RUNPATH_SEARCH_PATHS = "$(inherited) @executable_path/Frameworks";
				PRODUCT_BUNDLE_IDENTIFIER = com.johntmcintosh.FlickrDemo;
				PRODUCT_NAME = "$(TARGET_NAME)";
				SWIFT_VERSION = 4.0;
				TARGETED_DEVICE_FAMILY = "1,2";
			};
			name = Release;
		};
		5BB4B1EF1F831A3700C71FE3 /* Debug */ = {
			isa = XCBuildConfiguration;
			baseConfigurationReference = 98420B09085D11E861375C63 /* Pods-FlickrDemoTests.debug.xcconfig */;
			buildSettings = {
				ALWAYS_EMBED_SWIFT_STANDARD_LIBRARIES = YES;
				BUNDLE_LOADER = "$(TEST_HOST)";
				CODE_SIGN_STYLE = Automatic;
				DEVELOPMENT_TEAM = PSK5X2GYRA;
				INFOPLIST_FILE = FlickrDemoTests/Info.plist;
				LD_RUNPATH_SEARCH_PATHS = "$(inherited) @executable_path/Frameworks @loader_path/Frameworks";
				PRODUCT_BUNDLE_IDENTIFIER = com.johntmcintosh.FlickrDemoTests;
				PRODUCT_NAME = "$(TARGET_NAME)";
				SWIFT_VERSION = 4.0;
				TARGETED_DEVICE_FAMILY = "1,2";
				TEST_HOST = "$(BUILT_PRODUCTS_DIR)/FlickrDemo.app/FlickrDemo";
			};
			name = Debug;
		};
		5BB4B1F01F831A3700C71FE3 /* Release */ = {
			isa = XCBuildConfiguration;
			baseConfigurationReference = D554713BF81E00E7A969C8A8 /* Pods-FlickrDemoTests.release.xcconfig */;
			buildSettings = {
				ALWAYS_EMBED_SWIFT_STANDARD_LIBRARIES = YES;
				BUNDLE_LOADER = "$(TEST_HOST)";
				CODE_SIGN_STYLE = Automatic;
				DEVELOPMENT_TEAM = PSK5X2GYRA;
				INFOPLIST_FILE = FlickrDemoTests/Info.plist;
				LD_RUNPATH_SEARCH_PATHS = "$(inherited) @executable_path/Frameworks @loader_path/Frameworks";
				PRODUCT_BUNDLE_IDENTIFIER = com.johntmcintosh.FlickrDemoTests;
				PRODUCT_NAME = "$(TARGET_NAME)";
				SWIFT_VERSION = 4.0;
				TARGETED_DEVICE_FAMILY = "1,2";
				TEST_HOST = "$(BUILT_PRODUCTS_DIR)/FlickrDemo.app/FlickrDemo";
			};
			name = Release;
		};
/* End XCBuildConfiguration section */

/* Begin XCConfigurationList section */
		5BB4B1C91F831A3700C71FE3 /* Build configuration list for PBXProject "FlickrDemo" */ = {
			isa = XCConfigurationList;
			buildConfigurations = (
				5BB4B1E91F831A3700C71FE3 /* Debug */,
				5BB4B1EA1F831A3700C71FE3 /* Release */,
			);
			defaultConfigurationIsVisible = 0;
			defaultConfigurationName = Release;
		};
		5BB4B1EB1F831A3700C71FE3 /* Build configuration list for PBXNativeTarget "FlickrDemo" */ = {
			isa = XCConfigurationList;
			buildConfigurations = (
				5BB4B1EC1F831A3700C71FE3 /* Debug */,
				5BB4B1ED1F831A3700C71FE3 /* Release */,
			);
			defaultConfigurationIsVisible = 0;
			defaultConfigurationName = Release;
		};
		5BB4B1EE1F831A3700C71FE3 /* Build configuration list for PBXNativeTarget "FlickrDemoTests" */ = {
			isa = XCConfigurationList;
			buildConfigurations = (
				5BB4B1EF1F831A3700C71FE3 /* Debug */,
				5BB4B1F01F831A3700C71FE3 /* Release */,
			);
			defaultConfigurationIsVisible = 0;
			defaultConfigurationName = Release;
		};
/* End XCConfigurationList section */
	};
	rootObject = 5BB4B1C61F831A3700C71FE3 /* Project object */;
}
